
Microsoft Visual Studio Solution File, Format Version 12.00
# Visual Studio 15
VisualStudioVersion = 15.0.28307.421
MinimumVisualStudioVersion = 10.0.40219.1
Project("{F2A71F9B-5D33-465A-A702-920D77279786}") = "appveyor-messaround", "appveyor-messaround\appveyor-messaround.fsproj", "{26052706-7995-4687-A8C9-D20E37D84D08}"
EndProject
Project("{2150E333-8FDC-42A3-9474-1A3956D46DE8}") = "Solution Items", "Solution Items", "{0FBDA9A7-F35E-4523-BF34-42A18E3FE521}"
	ProjectSection(SolutionItems) = preProject
		appveyor.yml = appveyor.yml
	EndProjectSection
EndProject
Global
	GlobalSection(SolutionConfigurationPlatforms) = preSolution
		Debug|Any CPU = Debug|Any CPU
		Release|Any CPU = Release|Any CPU
	EndGlobalSection
	GlobalSection(ProjectConfigurationPlatforms) = postSolution
		{26052706-7995-4687-A8C9-D20E37D84D08}.Debug|Any CPU.ActiveCfg = Debug|Any CPU
		{26052706-7995-4687-A8C9-D20E37D84D08}.Debug|Any CPU.Build.0 = Debug|Any CPU
		{26052706-7995-4687-A8C9-D20E37D84D08}.Release|Any CPU.ActiveCfg = Release|Any CPU
		{26052706-7995-4687-A8C9-D20E37D84D08}.Release|Any CPU.Build.0 = Release|Any CPU
	EndGlobalSection
	GlobalSection(SolutionProperties) = preSolution
		HideSolutionNode = FALSE
	EndGlobalSection
	GlobalSection(ExtensibilityGlobals) = postSolution
		SolutionGuid = {0AF12C44-EB8C-4618-AD0E-2F8E47538CB9}
	EndGlobalSection
EndGlobal
